
Microsoft Visual Studio Solution File, Format Version 12.00
# Visual Studio Version 16
VisualStudioVersion = 16.0.30104.148
MinimumVisualStudioVersion = 10.0.40219.1
Project("{FAE04EC0-301F-11D3-BF4B-00C04F79EFBC}") = "uygulama31", "uygulama31\uygulama31.csproj", "{F867B309-5298-4840-967B-211BF8983845}"
EndProject
Global
	GlobalSection(SolutionConfigurationPlatforms) = preSolution
		Debug|Any CPU = Debug|Any CPU
		Release|Any CPU = Release|Any CPU
	EndGlobalSection
	GlobalSection(ProjectConfigurationPlatforms) = postSolution
		{F867B309-5298-4840-967B-211BF8983845}.Debug|Any CPU.ActiveCfg = Debug|Any CPU
		{F867B309-5298-4840-967B-211BF8983845}.Debug|Any CPU.Build.0 = Debug|Any CPU
		{F867B309-5298-4840-967B-211BF8983845}.Release|Any CPU.ActiveCfg = Release|Any CPU
		{F867B309-5298-4840-967B-211BF8983845}.Release|Any CPU.Build.0 = Release|Any CPU
	EndGlobalSection
	GlobalSection(SolutionProperties) = preSolution
		HideSolutionNode = FALSE
	EndGlobalSection
	GlobalSection(ExtensibilityGlobals) = postSolution
		SolutionGuid = {A529412E-1263-43E0-8462-4A297CA45AB8}
	EndGlobalSection
EndGlobal
