
Microsoft Visual Studio Solution File, Format Version 12.00
# Visual Studio Version 16
VisualStudioVersion = 16.0.30104.148
MinimumVisualStudioVersion = 10.0.40219.1
Project("{FAE04EC0-301F-11D3-BF4B-00C04F79EFBC}") = "uygulama19", "uygulama19\uygulama19.csproj", "{EFDECA71-5D0C-43C9-897B-4E1FBD49F2CA}"
EndProject
Global
	GlobalSection(SolutionConfigurationPlatforms) = preSolution
		Debug|Any CPU = Debug|Any CPU
		Release|Any CPU = Release|Any CPU
	EndGlobalSection
	GlobalSection(ProjectConfigurationPlatforms) = postSolution
		{EFDECA71-5D0C-43C9-897B-4E1FBD49F2CA}.Debug|Any CPU.ActiveCfg = Debug|Any CPU
		{EFDECA71-5D0C-43C9-897B-4E1FBD49F2CA}.Debug|Any CPU.Build.0 = Debug|Any CPU
		{EFDECA71-5D0C-43C9-897B-4E1FBD49F2CA}.Release|Any CPU.ActiveCfg = Release|Any CPU
		{EFDECA71-5D0C-43C9-897B-4E1FBD49F2CA}.Release|Any CPU.Build.0 = Release|Any CPU
	EndGlobalSection
	GlobalSection(SolutionProperties) = preSolution
		HideSolutionNode = FALSE
	EndGlobalSection
	GlobalSection(ExtensibilityGlobals) = postSolution
		SolutionGuid = {C6C9D8E9-0EEC-4B7E-9E82-810DC3905487}
	EndGlobalSection
EndGlobal
