
Microsoft Visual Studio Solution File, Format Version 12.00
# Visual Studio Version 16
VisualStudioVersion = 16.0.30104.148
MinimumVisualStudioVersion = 10.0.40219.1
Project("{FAE04EC0-301F-11D3-BF4B-00C04F79EFBC}") = "uygulama6", "uygulama6\uygulama6.csproj", "{90263AEB-BCED-4B66-AB1F-30CE9DE2C514}"
EndProject
Global
	GlobalSection(SolutionConfigurationPlatforms) = preSolution
		Debug|Any CPU = Debug|Any CPU
		Release|Any CPU = Release|Any CPU
	EndGlobalSection
	GlobalSection(ProjectConfigurationPlatforms) = postSolution
		{90263AEB-BCED-4B66-AB1F-30CE9DE2C514}.Debug|Any CPU.ActiveCfg = Debug|Any CPU
		{90263AEB-BCED-4B66-AB1F-30CE9DE2C514}.Debug|Any CPU.Build.0 = Debug|Any CPU
		{90263AEB-BCED-4B66-AB1F-30CE9DE2C514}.Release|Any CPU.ActiveCfg = Release|Any CPU
		{90263AEB-BCED-4B66-AB1F-30CE9DE2C514}.Release|Any CPU.Build.0 = Release|Any CPU
	EndGlobalSection
	GlobalSection(SolutionProperties) = preSolution
		HideSolutionNode = FALSE
	EndGlobalSection
	GlobalSection(ExtensibilityGlobals) = postSolution
		SolutionGuid = {D35F0F46-E5D5-42E6-AE57-9282322BD2F3}
	EndGlobalSection
EndGlobal
