
Microsoft Visual Studio Solution File, Format Version 12.00
# Visual Studio Version 16
VisualStudioVersion = 16.0.30104.148
MinimumVisualStudioVersion = 10.0.40219.1
Project("{FAE04EC0-301F-11D3-BF4B-00C04F79EFBC}") = "uygulama40", "uygulama40\uygulama40.csproj", "{0FF6D464-65C8-4CAE-B44A-8FCFCE6A8077}"
EndProject
Global
	GlobalSection(SolutionConfigurationPlatforms) = preSolution
		Debug|Any CPU = Debug|Any CPU
		Release|Any CPU = Release|Any CPU
	EndGlobalSection
	GlobalSection(ProjectConfigurationPlatforms) = postSolution
		{0FF6D464-65C8-4CAE-B44A-8FCFCE6A8077}.Debug|Any CPU.ActiveCfg = Debug|Any CPU
		{0FF6D464-65C8-4CAE-B44A-8FCFCE6A8077}.Debug|Any CPU.Build.0 = Debug|Any CPU
		{0FF6D464-65C8-4CAE-B44A-8FCFCE6A8077}.Release|Any CPU.ActiveCfg = Release|Any CPU
		{0FF6D464-65C8-4CAE-B44A-8FCFCE6A8077}.Release|Any CPU.Build.0 = Release|Any CPU
	EndGlobalSection
	GlobalSection(SolutionProperties) = preSolution
		HideSolutionNode = FALSE
	EndGlobalSection
	GlobalSection(ExtensibilityGlobals) = postSolution
		SolutionGuid = {3883C0A0-555B-493C-A937-F6E32293F447}
	EndGlobalSection
EndGlobal
