
Microsoft Visual Studio Solution File, Format Version 12.00
# Visual Studio Version 16
VisualStudioVersion = 16.0.30104.148
MinimumVisualStudioVersion = 10.0.40219.1
Project("{FAE04EC0-301F-11D3-BF4B-00C04F79EFBC}") = "uygulama27", "uygulama27\uygulama27.csproj", "{B607242E-2F35-4D37-B783-53B1A6B71A92}"
EndProject
Global
	GlobalSection(SolutionConfigurationPlatforms) = preSolution
		Debug|Any CPU = Debug|Any CPU
		Release|Any CPU = Release|Any CPU
	EndGlobalSection
	GlobalSection(ProjectConfigurationPlatforms) = postSolution
		{B607242E-2F35-4D37-B783-53B1A6B71A92}.Debug|Any CPU.ActiveCfg = Debug|Any CPU
		{B607242E-2F35-4D37-B783-53B1A6B71A92}.Debug|Any CPU.Build.0 = Debug|Any CPU
		{B607242E-2F35-4D37-B783-53B1A6B71A92}.Release|Any CPU.ActiveCfg = Release|Any CPU
		{B607242E-2F35-4D37-B783-53B1A6B71A92}.Release|Any CPU.Build.0 = Release|Any CPU
	EndGlobalSection
	GlobalSection(SolutionProperties) = preSolution
		HideSolutionNode = FALSE
	EndGlobalSection
	GlobalSection(ExtensibilityGlobals) = postSolution
		SolutionGuid = {C3420CCA-5679-4878-AC2C-DDA10FBA519C}
	EndGlobalSection
EndGlobal
