
Microsoft Visual Studio Solution File, Format Version 12.00
# Visual Studio Version 16
VisualStudioVersion = 16.0.30104.148
MinimumVisualStudioVersion = 10.0.40219.1
Project("{FAE04EC0-301F-11D3-BF4B-00C04F79EFBC}") = "uygulama29", "uygulama29\uygulama29.csproj", "{7EA95AC7-FC11-4A93-B304-14BD7FC02529}"
EndProject
Global
	GlobalSection(SolutionConfigurationPlatforms) = preSolution
		Debug|Any CPU = Debug|Any CPU
		Release|Any CPU = Release|Any CPU
	EndGlobalSection
	GlobalSection(ProjectConfigurationPlatforms) = postSolution
		{7EA95AC7-FC11-4A93-B304-14BD7FC02529}.Debug|Any CPU.ActiveCfg = Debug|Any CPU
		{7EA95AC7-FC11-4A93-B304-14BD7FC02529}.Debug|Any CPU.Build.0 = Debug|Any CPU
		{7EA95AC7-FC11-4A93-B304-14BD7FC02529}.Release|Any CPU.ActiveCfg = Release|Any CPU
		{7EA95AC7-FC11-4A93-B304-14BD7FC02529}.Release|Any CPU.Build.0 = Release|Any CPU
	EndGlobalSection
	GlobalSection(SolutionProperties) = preSolution
		HideSolutionNode = FALSE
	EndGlobalSection
	GlobalSection(ExtensibilityGlobals) = postSolution
		SolutionGuid = {0A895442-4E2D-487E-A95E-33B41592636C}
	EndGlobalSection
EndGlobal
