
Microsoft Visual Studio Solution File, Format Version 12.00
# Visual Studio Version 16
VisualStudioVersion = 16.0.30104.148
MinimumVisualStudioVersion = 10.0.40219.1
Project("{FAE04EC0-301F-11D3-BF4B-00C04F79EFBC}") = "uygulama1", "uygulama1\uygulama1.csproj", "{6A4EC7CE-C318-4AE6-8727-8ECAD07B2279}"
EndProject
Global
	GlobalSection(SolutionConfigurationPlatforms) = preSolution
		Debug|Any CPU = Debug|Any CPU
		Release|Any CPU = Release|Any CPU
	EndGlobalSection
	GlobalSection(ProjectConfigurationPlatforms) = postSolution
		{6A4EC7CE-C318-4AE6-8727-8ECAD07B2279}.Debug|Any CPU.ActiveCfg = Debug|Any CPU
		{6A4EC7CE-C318-4AE6-8727-8ECAD07B2279}.Debug|Any CPU.Build.0 = Debug|Any CPU
		{6A4EC7CE-C318-4AE6-8727-8ECAD07B2279}.Release|Any CPU.ActiveCfg = Release|Any CPU
		{6A4EC7CE-C318-4AE6-8727-8ECAD07B2279}.Release|Any CPU.Build.0 = Release|Any CPU
	EndGlobalSection
	GlobalSection(SolutionProperties) = preSolution
		HideSolutionNode = FALSE
	EndGlobalSection
	GlobalSection(ExtensibilityGlobals) = postSolution
		SolutionGuid = {CF5F517D-EAD3-465F-B3A9-1CF9FF1FB9FF}
	EndGlobalSection
EndGlobal
