
Microsoft Visual Studio Solution File, Format Version 12.00
# Visual Studio Version 16
VisualStudioVersion = 16.0.30104.148
MinimumVisualStudioVersion = 10.0.40219.1
Project("{FAE04EC0-301F-11D3-BF4B-00C04F79EFBC}") = "uygulama28", "uygulama28\uygulama28.csproj", "{760A34A0-EDD4-41F0-AFC3-87F495F513D7}"
EndProject
Global
	GlobalSection(SolutionConfigurationPlatforms) = preSolution
		Debug|Any CPU = Debug|Any CPU
		Release|Any CPU = Release|Any CPU
	EndGlobalSection
	GlobalSection(ProjectConfigurationPlatforms) = postSolution
		{760A34A0-EDD4-41F0-AFC3-87F495F513D7}.Debug|Any CPU.ActiveCfg = Debug|Any CPU
		{760A34A0-EDD4-41F0-AFC3-87F495F513D7}.Debug|Any CPU.Build.0 = Debug|Any CPU
		{760A34A0-EDD4-41F0-AFC3-87F495F513D7}.Release|Any CPU.ActiveCfg = Release|Any CPU
		{760A34A0-EDD4-41F0-AFC3-87F495F513D7}.Release|Any CPU.Build.0 = Release|Any CPU
	EndGlobalSection
	GlobalSection(SolutionProperties) = preSolution
		HideSolutionNode = FALSE
	EndGlobalSection
	GlobalSection(ExtensibilityGlobals) = postSolution
		SolutionGuid = {EDAD282F-8A66-418D-887E-3F4E236ECCE7}
	EndGlobalSection
EndGlobal
