
Microsoft Visual Studio Solution File, Format Version 12.00
# Visual Studio Version 16
VisualStudioVersion = 16.0.30104.148
MinimumVisualStudioVersion = 10.0.40219.1
Project("{FAE04EC0-301F-11D3-BF4B-00C04F79EFBC}") = "uygulama26", "uygulama26\uygulama26.csproj", "{30D0E19B-2B82-4083-AB1B-7C00F950CE83}"
EndProject
Global
	GlobalSection(SolutionConfigurationPlatforms) = preSolution
		Debug|Any CPU = Debug|Any CPU
		Release|Any CPU = Release|Any CPU
	EndGlobalSection
	GlobalSection(ProjectConfigurationPlatforms) = postSolution
		{30D0E19B-2B82-4083-AB1B-7C00F950CE83}.Debug|Any CPU.ActiveCfg = Debug|Any CPU
		{30D0E19B-2B82-4083-AB1B-7C00F950CE83}.Debug|Any CPU.Build.0 = Debug|Any CPU
		{30D0E19B-2B82-4083-AB1B-7C00F950CE83}.Release|Any CPU.ActiveCfg = Release|Any CPU
		{30D0E19B-2B82-4083-AB1B-7C00F950CE83}.Release|Any CPU.Build.0 = Release|Any CPU
	EndGlobalSection
	GlobalSection(SolutionProperties) = preSolution
		HideSolutionNode = FALSE
	EndGlobalSection
	GlobalSection(ExtensibilityGlobals) = postSolution
		SolutionGuid = {8CFD676A-E662-4890-8D72-EFD9C5C0662B}
	EndGlobalSection
EndGlobal
