
Microsoft Visual Studio Solution File, Format Version 12.00
# Visual Studio Version 16
VisualStudioVersion = 16.0.30104.148
MinimumVisualStudioVersion = 10.0.40219.1
Project("{FAE04EC0-301F-11D3-BF4B-00C04F79EFBC}") = "uygulama10", "uygulama10\uygulama10.csproj", "{A0ACB490-F401-45DF-95A3-9F57FA28063C}"
EndProject
Global
	GlobalSection(SolutionConfigurationPlatforms) = preSolution
		Debug|Any CPU = Debug|Any CPU
		Release|Any CPU = Release|Any CPU
	EndGlobalSection
	GlobalSection(ProjectConfigurationPlatforms) = postSolution
		{A0ACB490-F401-45DF-95A3-9F57FA28063C}.Debug|Any CPU.ActiveCfg = Debug|Any CPU
		{A0ACB490-F401-45DF-95A3-9F57FA28063C}.Debug|Any CPU.Build.0 = Debug|Any CPU
		{A0ACB490-F401-45DF-95A3-9F57FA28063C}.Release|Any CPU.ActiveCfg = Release|Any CPU
		{A0ACB490-F401-45DF-95A3-9F57FA28063C}.Release|Any CPU.Build.0 = Release|Any CPU
	EndGlobalSection
	GlobalSection(SolutionProperties) = preSolution
		HideSolutionNode = FALSE
	EndGlobalSection
	GlobalSection(ExtensibilityGlobals) = postSolution
		SolutionGuid = {55FF8EEB-13AB-49D2-89CE-8B7E5D8C71AA}
	EndGlobalSection
EndGlobal
